
Microsoft Visual Studio Solution File, Format Version 12.00
# Visual Studio 14
VisualStudioVersion = 14.0.25420.1
MinimumVisualStudioVersion = 10.0.40219.1
Project("{FAE04EC0-301F-11D3-BF4B-00C04F79EFBC}") = "Flame.Web", "Flame.Web\Flame.Web.csproj", "{F4A1F754-8CA6-4FC5-A0E1-CF582420B046}"
EndProject
Project("{FAE04EC0-301F-11D3-BF4B-00C04F79EFBC}") = "Flame.Admin", "Flame.Web\Admin\Flame.Admin\Flame.Admin.csproj", "{8F6C3824-FB64-47AC-99B3-968603985463}"
EndProject
Project("{FAE04EC0-301F-11D3-BF4B-00C04F79EFBC}") = "Flame.Plugin.Timer", "Plugins\Flame.Plugin.Timer\Flame.Plugin.Timer.csproj", "{286864A9-6414-44B3-8620-C7ECAF78A5A0}"
EndProject
Project("{2150E333-8FDC-42A3-9474-1A3956D46DE8}") = "01Data", "01Data", "{07E5251E-4734-4471-84C1-43B66D335094}"
EndProject
Project("{2150E333-8FDC-42A3-9474-1A3956D46DE8}") = "02Services", "02Services", "{1B33C389-5B7B-4A56-86EA-4BAC50F45F5D}"
EndProject
Project("{2150E333-8FDC-42A3-9474-1A3956D46DE8}") = "03Web", "03Web", "{EB9A870D-7D6C-44FF-9719-D4FC711EFCCD}"
EndProject
Project("{2150E333-8FDC-42A3-9474-1A3956D46DE8}") = "04Framework", "04Framework", "{3E08BE69-B027-4971-8044-C7F858A857E5}"
EndProject
Project("{2150E333-8FDC-42A3-9474-1A3956D46DE8}") = "05Plugins", "05Plugins", "{154FD5E2-1C15-47D4-BDDC-166FACBF8758}"
EndProject
Project("{FAE04EC0-301F-11D3-BF4B-00C04F79EFBC}") = "Flame.Framework", "Flame.Framework\Flame.Framework.csproj", "{4C21F9DA-8083-477F-8B22-559B2B7C7BCE}"
EndProject
Project("{FAE04EC0-301F-11D3-BF4B-00C04F79EFBC}") = "Flame.Data", "Flame.Data\Flame.Data.csproj", "{248624B0-7C0C-40AB-883D-6157BF226212}"
EndProject
Project("{FAE04EC0-301F-11D3-BF4B-00C04F79EFBC}") = "Flame.Core", "Flame.Core\Flame.Core.csproj", "{306E5D85-CD9C-40CD-B02B-3811D6E752ED}"
EndProject
Project("{FAE04EC0-301F-11D3-BF4B-00C04F79EFBC}") = "Flame.Services", "Flame.Services\Flame.Services.csproj", "{D5022AD2-CB69-4CCC-962F-320FADD82D41}"
EndProject
Global
	GlobalSection(SolutionConfigurationPlatforms) = preSolution
		Debug|Any CPU = Debug|Any CPU
		Release|Any CPU = Release|Any CPU
	EndGlobalSection
	GlobalSection(ProjectConfigurationPlatforms) = postSolution
		{F4A1F754-8CA6-4FC5-A0E1-CF582420B046}.Debug|Any CPU.ActiveCfg = Debug|Any CPU
		{F4A1F754-8CA6-4FC5-A0E1-CF582420B046}.Debug|Any CPU.Build.0 = Debug|Any CPU
		{F4A1F754-8CA6-4FC5-A0E1-CF582420B046}.Release|Any CPU.ActiveCfg = Release|Any CPU
		{F4A1F754-8CA6-4FC5-A0E1-CF582420B046}.Release|Any CPU.Build.0 = Release|Any CPU
		{8F6C3824-FB64-47AC-99B3-968603985463}.Debug|Any CPU.ActiveCfg = Debug|Any CPU
		{8F6C3824-FB64-47AC-99B3-968603985463}.Debug|Any CPU.Build.0 = Debug|Any CPU
		{8F6C3824-FB64-47AC-99B3-968603985463}.Release|Any CPU.ActiveCfg = Release|Any CPU
		{8F6C3824-FB64-47AC-99B3-968603985463}.Release|Any CPU.Build.0 = Release|Any CPU
		{286864A9-6414-44B3-8620-C7ECAF78A5A0}.Debug|Any CPU.ActiveCfg = Debug|Any CPU
		{286864A9-6414-44B3-8620-C7ECAF78A5A0}.Debug|Any CPU.Build.0 = Debug|Any CPU
		{286864A9-6414-44B3-8620-C7ECAF78A5A0}.Release|Any CPU.ActiveCfg = Release|Any CPU
		{286864A9-6414-44B3-8620-C7ECAF78A5A0}.Release|Any CPU.Build.0 = Release|Any CPU
		{4C21F9DA-8083-477F-8B22-559B2B7C7BCE}.Debug|Any CPU.ActiveCfg = Debug|Any CPU
		{4C21F9DA-8083-477F-8B22-559B2B7C7BCE}.Debug|Any CPU.Build.0 = Debug|Any CPU
		{4C21F9DA-8083-477F-8B22-559B2B7C7BCE}.Release|Any CPU.ActiveCfg = Release|Any CPU
		{4C21F9DA-8083-477F-8B22-559B2B7C7BCE}.Release|Any CPU.Build.0 = Release|Any CPU
		{248624B0-7C0C-40AB-883D-6157BF226212}.Debug|Any CPU.ActiveCfg = Debug|Any CPU
		{248624B0-7C0C-40AB-883D-6157BF226212}.Debug|Any CPU.Build.0 = Debug|Any CPU
		{248624B0-7C0C-40AB-883D-6157BF226212}.Release|Any CPU.ActiveCfg = Release|Any CPU
		{248624B0-7C0C-40AB-883D-6157BF226212}.Release|Any CPU.Build.0 = Release|Any CPU
		{306E5D85-CD9C-40CD-B02B-3811D6E752ED}.Debug|Any CPU.ActiveCfg = Debug|Any CPU
		{306E5D85-CD9C-40CD-B02B-3811D6E752ED}.Debug|Any CPU.Build.0 = Debug|Any CPU
		{306E5D85-CD9C-40CD-B02B-3811D6E752ED}.Release|Any CPU.ActiveCfg = Release|Any CPU
		{306E5D85-CD9C-40CD-B02B-3811D6E752ED}.Release|Any CPU.Build.0 = Release|Any CPU
		{D5022AD2-CB69-4CCC-962F-320FADD82D41}.Debug|Any CPU.ActiveCfg = Debug|Any CPU
		{D5022AD2-CB69-4CCC-962F-320FADD82D41}.Debug|Any CPU.Build.0 = Debug|Any CPU
		{D5022AD2-CB69-4CCC-962F-320FADD82D41}.Release|Any CPU.ActiveCfg = Release|Any CPU
		{D5022AD2-CB69-4CCC-962F-320FADD82D41}.Release|Any CPU.Build.0 = Release|Any CPU
	EndGlobalSection
	GlobalSection(SolutionProperties) = preSolution
		HideSolutionNode = FALSE
	EndGlobalSection
	GlobalSection(NestedProjects) = preSolution
		{F4A1F754-8CA6-4FC5-A0E1-CF582420B046} = {EB9A870D-7D6C-44FF-9719-D4FC711EFCCD}
		{8F6C3824-FB64-47AC-99B3-968603985463} = {EB9A870D-7D6C-44FF-9719-D4FC711EFCCD}
		{286864A9-6414-44B3-8620-C7ECAF78A5A0} = {154FD5E2-1C15-47D4-BDDC-166FACBF8758}
		{4C21F9DA-8083-477F-8B22-559B2B7C7BCE} = {3E08BE69-B027-4971-8044-C7F858A857E5}
		{248624B0-7C0C-40AB-883D-6157BF226212} = {07E5251E-4734-4471-84C1-43B66D335094}
		{306E5D85-CD9C-40CD-B02B-3811D6E752ED} = {07E5251E-4734-4471-84C1-43B66D335094}
		{D5022AD2-CB69-4CCC-962F-320FADD82D41} = {1B33C389-5B7B-4A56-86EA-4BAC50F45F5D}
	EndGlobalSection
EndGlobal
